
Microsoft Visual Studio Solution File, Format Version 12.00
# Visual Studio Version 17
VisualStudioVersion = 17.8.34330.188
MinimumVisualStudioVersion = 10.0.40219.1
Project("{9A19103F-16F7-4668-BE54-9A1E7A4F7556}") = "Store.Domain", "Store.Domain\Store.Domain.csproj", "{6E9EF067-3B6C-431A-81FA-FAD346A23953}"
EndProject
Project("{2150E333-8FDC-42A3-9474-1A3956D46DE8}") = "ContentService", "ContentService", "{752F1CAA-5615-4EFE-81A5-AC35F0E3A960}"
EndProject
Project("{FAE04EC0-301F-11D3-BF4B-00C04F79EFBC}") = "Store.Application", "Store.Application\Store.Application.csproj", "{0FE43EA4-A79C-4952-9083-24862F7427FB}"
EndProject
Global
	GlobalSection(SolutionConfigurationPlatforms) = preSolution
		Debug|Any CPU = Debug|Any CPU
		Release|Any CPU = Release|Any CPU
	EndGlobalSection
	GlobalSection(ProjectConfigurationPlatforms) = postSolution
		{6E9EF067-3B6C-431A-81FA-FAD346A23953}.Debug|Any CPU.ActiveCfg = Debug|Any CPU
		{6E9EF067-3B6C-431A-81FA-FAD346A23953}.Debug|Any CPU.Build.0 = Debug|Any CPU
		{6E9EF067-3B6C-431A-81FA-FAD346A23953}.Release|Any CPU.ActiveCfg = Release|Any CPU
		{6E9EF067-3B6C-431A-81FA-FAD346A23953}.Release|Any CPU.Build.0 = Release|Any CPU
		{0FE43EA4-A79C-4952-9083-24862F7427FB}.Debug|Any CPU.ActiveCfg = Debug|Any CPU
		{0FE43EA4-A79C-4952-9083-24862F7427FB}.Debug|Any CPU.Build.0 = Debug|Any CPU
		{0FE43EA4-A79C-4952-9083-24862F7427FB}.Release|Any CPU.ActiveCfg = Release|Any CPU
		{0FE43EA4-A79C-4952-9083-24862F7427FB}.Release|Any CPU.Build.0 = Release|Any CPU
	EndGlobalSection
	GlobalSection(SolutionProperties) = preSolution
		HideSolutionNode = FALSE
	EndGlobalSection
	GlobalSection(NestedProjects) = preSolution
		{6E9EF067-3B6C-431A-81FA-FAD346A23953} = {752F1CAA-5615-4EFE-81A5-AC35F0E3A960}
		{0FE43EA4-A79C-4952-9083-24862F7427FB} = {752F1CAA-5615-4EFE-81A5-AC35F0E3A960}
	EndGlobalSection
	GlobalSection(ExtensibilityGlobals) = postSolution
		SolutionGuid = {3C843012-7A11-4F05-A2FD-96C494EEC57C}
	EndGlobalSection
EndGlobal
